
Microsoft Visual Studio Solution File, Format Version 12.00
# Visual Studio Version 17
VisualStudioVersion = 17.6.33723.286
MinimumVisualStudioVersion = 10.0.40219.1
Project("{9A19103F-16F7-4668-BE54-9A1E7A4F7556}") = "Secao17", "Secao17\Secao17.csproj", "{C42A51C9-D6EE-4EFE-AC32-92A2B9E0DB39}"
EndProject
Project("{9A19103F-16F7-4668-BE54-9A1E7A4F7556}") = "Comparison", "Comparison\Comparison.csproj", "{46B3F9C9-AD35-4D4D-A155-069341A089B5}"
EndProject
Project("{9A19103F-16F7-4668-BE54-9A1E7A4F7556}") = "ProgramacaoFuncionalELambda", "ProgramacaoFuncionalELambda\ProgramacaoFuncionalELambda.csproj", "{3A9DFBFE-F92A-4717-8FD0-5C8EB36C09B1}"
EndProject
Project("{9A19103F-16F7-4668-BE54-9A1E7A4F7556}") = "Delegates", "Delegates\Delegates.csproj", "{4243D076-DF55-48CE-9882-DBECEDABF827}"
EndProject
Project("{FAE04EC0-301F-11D3-BF4B-00C04F79EFBC}") = "MulticastDelegate", "MulticastDelegate\MulticastDelegate.csproj", "{9EAC9DE8-3FE8-4D82-88CE-D24589B9C125}"
EndProject
Project("{FAE04EC0-301F-11D3-BF4B-00C04F79EFBC}") = "Predicate", "Predicate\Predicate.csproj", "{ECF9F9B5-1B65-4DEB-B1FB-F3D848C4E493}"
EndProject
Global
	GlobalSection(SolutionConfigurationPlatforms) = preSolution
		Debug|Any CPU = Debug|Any CPU
		Release|Any CPU = Release|Any CPU
	EndGlobalSection
	GlobalSection(ProjectConfigurationPlatforms) = postSolution
		{C42A51C9-D6EE-4EFE-AC32-92A2B9E0DB39}.Debug|Any CPU.ActiveCfg = Debug|Any CPU
		{C42A51C9-D6EE-4EFE-AC32-92A2B9E0DB39}.Debug|Any CPU.Build.0 = Debug|Any CPU
		{C42A51C9-D6EE-4EFE-AC32-92A2B9E0DB39}.Release|Any CPU.ActiveCfg = Release|Any CPU
		{C42A51C9-D6EE-4EFE-AC32-92A2B9E0DB39}.Release|Any CPU.Build.0 = Release|Any CPU
		{46B3F9C9-AD35-4D4D-A155-069341A089B5}.Debug|Any CPU.ActiveCfg = Debug|Any CPU
		{46B3F9C9-AD35-4D4D-A155-069341A089B5}.Debug|Any CPU.Build.0 = Debug|Any CPU
		{46B3F9C9-AD35-4D4D-A155-069341A089B5}.Release|Any CPU.ActiveCfg = Release|Any CPU
		{46B3F9C9-AD35-4D4D-A155-069341A089B5}.Release|Any CPU.Build.0 = Release|Any CPU
		{3A9DFBFE-F92A-4717-8FD0-5C8EB36C09B1}.Debug|Any CPU.ActiveCfg = Debug|Any CPU
		{3A9DFBFE-F92A-4717-8FD0-5C8EB36C09B1}.Debug|Any CPU.Build.0 = Debug|Any CPU
		{3A9DFBFE-F92A-4717-8FD0-5C8EB36C09B1}.Release|Any CPU.ActiveCfg = Release|Any CPU
		{3A9DFBFE-F92A-4717-8FD0-5C8EB36C09B1}.Release|Any CPU.Build.0 = Release|Any CPU
		{4243D076-DF55-48CE-9882-DBECEDABF827}.Debug|Any CPU.ActiveCfg = Debug|Any CPU
		{4243D076-DF55-48CE-9882-DBECEDABF827}.Debug|Any CPU.Build.0 = Debug|Any CPU
		{4243D076-DF55-48CE-9882-DBECEDABF827}.Release|Any CPU.ActiveCfg = Release|Any CPU
		{4243D076-DF55-48CE-9882-DBECEDABF827}.Release|Any CPU.Build.0 = Release|Any CPU
		{9EAC9DE8-3FE8-4D82-88CE-D24589B9C125}.Debug|Any CPU.ActiveCfg = Debug|Any CPU
		{9EAC9DE8-3FE8-4D82-88CE-D24589B9C125}.Debug|Any CPU.Build.0 = Debug|Any CPU
		{9EAC9DE8-3FE8-4D82-88CE-D24589B9C125}.Release|Any CPU.ActiveCfg = Release|Any CPU
		{9EAC9DE8-3FE8-4D82-88CE-D24589B9C125}.Release|Any CPU.Build.0 = Release|Any CPU
		{ECF9F9B5-1B65-4DEB-B1FB-F3D848C4E493}.Debug|Any CPU.ActiveCfg = Debug|Any CPU
		{ECF9F9B5-1B65-4DEB-B1FB-F3D848C4E493}.Debug|Any CPU.Build.0 = Debug|Any CPU
		{ECF9F9B5-1B65-4DEB-B1FB-F3D848C4E493}.Release|Any CPU.ActiveCfg = Release|Any CPU
		{ECF9F9B5-1B65-4DEB-B1FB-F3D848C4E493}.Release|Any CPU.Build.0 = Release|Any CPU
	EndGlobalSection
	GlobalSection(SolutionProperties) = preSolution
		HideSolutionNode = FALSE
	EndGlobalSection
	GlobalSection(ExtensibilityGlobals) = postSolution
		SolutionGuid = {0B0C2064-B5ED-44B8-89CD-3D71AA2EDFFA}
	EndGlobalSection
EndGlobal
