
Microsoft Visual Studio Solution File, Format Version 12.00
# Visual Studio Version 17
VisualStudioVersion = 17.6.33723.286
MinimumVisualStudioVersion = 10.0.40219.1
Project("{FAE04EC0-301F-11D3-BF4B-00C04F79EFBC}") = "Secao17", "Secao17\Secao17.csproj", "{C42A51C9-D6EE-4EFE-AC32-92A2B9E0DB39}"
EndProject
Project("{FAE04EC0-301F-11D3-BF4B-00C04F79EFBC}") = "Comparison", "Comparison\Comparison.csproj", "{46B3F9C9-AD35-4D4D-A155-069341A089B5}"
EndProject
Global
	GlobalSection(SolutionConfigurationPlatforms) = preSolution
		Debug|Any CPU = Debug|Any CPU
		Release|Any CPU = Release|Any CPU
	EndGlobalSection
	GlobalSection(ProjectConfigurationPlatforms) = postSolution
		{C42A51C9-D6EE-4EFE-AC32-92A2B9E0DB39}.Debug|Any CPU.ActiveCfg = Debug|Any CPU
		{C42A51C9-D6EE-4EFE-AC32-92A2B9E0DB39}.Debug|Any CPU.Build.0 = Debug|Any CPU
		{C42A51C9-D6EE-4EFE-AC32-92A2B9E0DB39}.Release|Any CPU.ActiveCfg = Release|Any CPU
		{C42A51C9-D6EE-4EFE-AC32-92A2B9E0DB39}.Release|Any CPU.Build.0 = Release|Any CPU
		{46B3F9C9-AD35-4D4D-A155-069341A089B5}.Debug|Any CPU.ActiveCfg = Debug|Any CPU
		{46B3F9C9-AD35-4D4D-A155-069341A089B5}.Debug|Any CPU.Build.0 = Debug|Any CPU
		{46B3F9C9-AD35-4D4D-A155-069341A089B5}.Release|Any CPU.ActiveCfg = Release|Any CPU
		{46B3F9C9-AD35-4D4D-A155-069341A089B5}.Release|Any CPU.Build.0 = Release|Any CPU
	EndGlobalSection
	GlobalSection(SolutionProperties) = preSolution
		HideSolutionNode = FALSE
	EndGlobalSection
	GlobalSection(ExtensibilityGlobals) = postSolution
		SolutionGuid = {0B0C2064-B5ED-44B8-89CD-3D71AA2EDFFA}
	EndGlobalSection
EndGlobal
