
Microsoft Visual Studio Solution File, Format Version 12.00
# Visual Studio Version 16
VisualStudioVersion = 16.0.32413.511
MinimumVisualStudioVersion = 10.0.40219.1
Project("{9A19103F-16F7-4668-BE54-9A1E7A4F7556}") = "Primeiro", "Primeiro\Primeiro.csproj", "{F63EB8AD-92CB-45A8-BCFB-5A72BAF93319}"
EndProject
Project("{9A19103F-16F7-4668-BE54-9A1E7A4F7556}") = "exercicioDeFixacao", "exercicioDeFixacao\exercicioDeFixacao.csproj", "{527EB2E9-AC0E-4591-948A-168018CAB28D}"
EndProject
Project("{9A19103F-16F7-4668-BE54-9A1E7A4F7556}") = "exercicioDeFixacao2", "exercicioDeFixacao2\exercicioDeFixacao2.csproj", "{93F14256-E07C-49AF-918E-B2ACC993B1CC}"
EndProject
Project("{9A19103F-16F7-4668-BE54-9A1E7A4F7556}") = "Course", "projetoSemOrientacaoAObjetos\Course.csproj", "{9FE516F7-C701-494A-9C6F-9838DD69241E}"
EndProject
Project("{9A19103F-16F7-4668-BE54-9A1E7A4F7556}") = "exercicio1", "exercicio1\exercicio1.csproj", "{379F8142-D9D6-434F-B598-9CF535C1BC3D}"
EndProject
Project("{9A19103F-16F7-4668-BE54-9A1E7A4F7556}") = "Exercicio2", "Exercicio2\Exercicio2.csproj", "{2D9DAC3B-0466-4903-8431-0F1AA72D94DF}"
EndProject
Project("{9A19103F-16F7-4668-BE54-9A1E7A4F7556}") = "Produtos", "Produtos\Produtos.csproj", "{DDBC3EB5-1D94-4B43-ABFE-6DEC3E5C4778}"
EndProject
Project("{9A19103F-16F7-4668-BE54-9A1E7A4F7556}") = "ExercicioFixacao1", "ExercicioFixacao1\ExercicioFixacao1.csproj", "{4CF7382B-278A-4AE4-9412-B462663A15F8}"
EndProject
Project("{9A19103F-16F7-4668-BE54-9A1E7A4F7556}") = "ExercicioFixacao2", "ExercicioFixacao2\ExercicioFixacao2.csproj", "{8E9AE408-6271-4CEA-83ED-EFEB7EFE5B73}"
EndProject
Project("{9A19103F-16F7-4668-BE54-9A1E7A4F7556}") = "ExercicioFixacao3", "ExercicioFixacao3\ExercicioFixacao3.csproj", "{1C34044C-B67A-4CB5-B7F4-E66ADE5B2015}"
EndProject
Project("{9A19103F-16F7-4668-BE54-9A1E7A4F7556}") = "ExercicioDeFixacaoStatic", "ExercicioDeFixacaoStatic\ExercicioDeFixacaoStatic.csproj", "{378F8622-6B45-4FF6-BF08-1F285B206616}"
EndProject
Project("{9A19103F-16F7-4668-BE54-9A1E7A4F7556}") = "Produtos02", "Produtos02\Produtos02.csproj", "{DC5C8615-920E-4048-9F2D-59E9DA97B0DF}"
EndProject
Project("{9A19103F-16F7-4668-BE54-9A1E7A4F7556}") = "Produtos03", "Produtos03\Produtos03.csproj", "{D35DEF04-0BE2-41AE-839C-C424C71B7FD6}"
EndProject
Project("{9A19103F-16F7-4668-BE54-9A1E7A4F7556}") = "Produtos04Encapsulamento", "Produtos04Encapsulamento\Produtos04Encapsulamento.csproj", "{13FD4C64-01CB-4E5C-90B7-5DA526A2127A}"
EndProject
Project("{9A19103F-16F7-4668-BE54-9A1E7A4F7556}") = "Produtos05Properties", "Produtos05Properties\Produtos05Properties.csproj", "{DDCBA2EF-4E3D-4AD9-883A-E7CD3D1C3A2B}"
EndProject
Project("{9A19103F-16F7-4668-BE54-9A1E7A4F7556}") = "Produtos06AutoProperties", "Produtos06AutoProperties\Produtos06AutoProperties.csproj", "{263A6786-D33B-45B1-8F60-4A5295E10F5B}"
EndProject
Project("{9A19103F-16F7-4668-BE54-9A1E7A4F7556}") = "ExercicioDeFixacaoConstrutoresThisSobrecargaEncap", "ExercicioDeFixacaoConstrutoresThisSobrecargaEncap\ExercicioDeFixacaoConstrutoresThisSobrecargaEncap.csproj", "{1CB48FB8-E042-4892-8BFE-7A9636C21D33}"
EndProject
Project("{9A19103F-16F7-4668-BE54-9A1E7A4F7556}") = "exercicioDeFixacaoVetores", "exercicioDeFixacaoVetores\exercicioDeFixacaoVetores.csproj", "{6CB94563-5DD9-40AA-AF37-E3B855FEC28E}"
EndProject
Project("{9A19103F-16F7-4668-BE54-9A1E7A4F7556}") = "aulaList", "aulaList\aulaList.csproj", "{C369B354-D113-4B99-B19C-A099AA8F390B}"
EndProject
Project("{9A19103F-16F7-4668-BE54-9A1E7A4F7556}") = "exercicioDeFixacaoList", "exercicioDeFixacaoList\exercicioDeFixacaoList.csproj", "{25FE244D-6B47-42CF-A438-A06160D200A3}"
EndProject
Project("{9A19103F-16F7-4668-BE54-9A1E7A4F7556}") = "aulaMatrizes", "aulaMatrizes\aulaMatrizes.csproj", "{6E08DF54-C58F-4439-A11E-6553E59BDD8F}"
EndProject
Project("{9A19103F-16F7-4668-BE54-9A1E7A4F7556}") = "exercicioResolvidoMatriz", "exercicioResolvidoMatriz\exercicioResolvidoMatriz.csproj", "{6FC0C087-2137-48CC-AB6B-E8A096A4D588}"
EndProject
Project("{9A19103F-16F7-4668-BE54-9A1E7A4F7556}") = "exercicioDeFixacaoMatrizes", "exercicioDeFixacaoMatrizes\exercicioDeFixacaoMatrizes.csproj", "{465616F0-88D4-44AF-82B7-41F98D58B327}"
EndProject
Project("{2150E333-8FDC-42A3-9474-1A3956D46DE8}") = "Geral", "Geral", "{8531AC9F-8AF7-4817-AEA3-F9D048BEB976}"
EndProject
Project("{9A19103F-16F7-4668-BE54-9A1E7A4F7556}") = "01AulaInferenciaDeTiposPalavraVar", "01AulaInferenciaDeTiposPalavraVar\01AulaInferenciaDeTiposPalavraVar.csproj", "{A599BDF3-B801-4E51-B796-BA7E198A2553}"
EndProject
Project("{9A19103F-16F7-4668-BE54-9A1E7A4F7556}") = "02AulaSintaxeAlternativaSwitchCase", "02AulaSintaxeAlternativaSwitchCase\02AulaSintaxeAlternativaSwitchCase.csproj", "{6250FF3D-707A-4FD3-9CFB-D9BEB1DCACC1}"
EndProject
Project("{9A19103F-16F7-4668-BE54-9A1E7A4F7556}") = "03AulaSintaxeAltExpressaoCondicionalTernaria", "03AulaSintaxeAltExpressaoCondicionalTernaria\03AulaSintaxeAltExpressaoCondicionalTernaria.csproj", "{55DCFB94-A27A-4CE4-A2F7-550B350D8068}"
EndProject
Project("{9A19103F-16F7-4668-BE54-9A1E7A4F7556}") = "04AulaFuncoesInteressantesParaString", "04AulaFuncoesInteressantesParaString\04AulaFuncoesInteressantesParaString.csproj", "{503EB227-E851-4393-A1D0-BE929C30E3A2}"
EndProject
Project("{2150E333-8FDC-42A3-9474-1A3956D46DE8}") = "Secao7-_TópicosEspeciaisEmCSharpPARTE1", "Secao7-_TópicosEspeciaisEmCSharpPARTE1", "{53167CDC-06BB-456D-9B73-DEB581770770}"
EndProject
Project("{9A19103F-16F7-4668-BE54-9A1E7A4F7556}") = "05Aula_DateTimeRepresentandoDataEHora", "05Aula_DateTimeRepresentandoDataEHora\05Aula_DateTimeRepresentandoDataEHora.csproj", "{E7B8C7B7-34CB-4548-B234-C37421C2B103}"
EndProject
Project("{9A19103F-16F7-4668-BE54-9A1E7A4F7556}") = "06AulaTimeSpanRepresentandoDuracoes", "06AulaTimeSpanRepresentandoDuracoes\06AulaTimeSpanRepresentandoDuracoes.csproj", "{2CB2501F-0F7B-43FC-B4F9-A729A747268C}"
EndProject
Project("{FAE04EC0-301F-11D3-BF4B-00C04F79EFBC}") = "07AulaPropriedadesEOperacoesComDateTime", "07AulaPropriedadesEOperacoesComDateTime\07AulaPropriedadesEOperacoesComDateTime.csproj", "{12B51E2E-658F-4A0E-8D0C-6635449C797C}"
EndProject
Project("{FAE04EC0-301F-11D3-BF4B-00C04F79EFBC}") = "08AulaPropriedadesEOperacoesComTimeSpan", "08AulaPropriedadesEOperacoesComTimeSpan\08AulaPropriedadesEOperacoesComTimeSpan.csproj", "{43D21FE2-893A-4DE4-B777-E6331F6AFAC2}"
EndProject
Project("{FAE04EC0-301F-11D3-BF4B-00C04F79EFBC}") = "09AulaDateTimeKindEPadraoISO8601", "09AulaDateTimeKindEPadraoISO8601\09AulaDateTimeKindEPadraoISO8601.csproj", "{8466009F-43D0-4B1B-B0F4-8D1597F78673}"
EndProject
Global
	GlobalSection(SolutionConfigurationPlatforms) = preSolution
		Debug|Any CPU = Debug|Any CPU
		Release|Any CPU = Release|Any CPU
	EndGlobalSection
	GlobalSection(ProjectConfigurationPlatforms) = postSolution
		{F63EB8AD-92CB-45A8-BCFB-5A72BAF93319}.Debug|Any CPU.ActiveCfg = Debug|Any CPU
		{F63EB8AD-92CB-45A8-BCFB-5A72BAF93319}.Debug|Any CPU.Build.0 = Debug|Any CPU
		{F63EB8AD-92CB-45A8-BCFB-5A72BAF93319}.Release|Any CPU.ActiveCfg = Release|Any CPU
		{F63EB8AD-92CB-45A8-BCFB-5A72BAF93319}.Release|Any CPU.Build.0 = Release|Any CPU
		{527EB2E9-AC0E-4591-948A-168018CAB28D}.Debug|Any CPU.ActiveCfg = Debug|Any CPU
		{527EB2E9-AC0E-4591-948A-168018CAB28D}.Debug|Any CPU.Build.0 = Debug|Any CPU
		{527EB2E9-AC0E-4591-948A-168018CAB28D}.Release|Any CPU.ActiveCfg = Release|Any CPU
		{527EB2E9-AC0E-4591-948A-168018CAB28D}.Release|Any CPU.Build.0 = Release|Any CPU
		{93F14256-E07C-49AF-918E-B2ACC993B1CC}.Debug|Any CPU.ActiveCfg = Debug|Any CPU
		{93F14256-E07C-49AF-918E-B2ACC993B1CC}.Debug|Any CPU.Build.0 = Debug|Any CPU
		{93F14256-E07C-49AF-918E-B2ACC993B1CC}.Release|Any CPU.ActiveCfg = Release|Any CPU
		{93F14256-E07C-49AF-918E-B2ACC993B1CC}.Release|Any CPU.Build.0 = Release|Any CPU
		{9FE516F7-C701-494A-9C6F-9838DD69241E}.Debug|Any CPU.ActiveCfg = Debug|Any CPU
		{9FE516F7-C701-494A-9C6F-9838DD69241E}.Debug|Any CPU.Build.0 = Debug|Any CPU
		{9FE516F7-C701-494A-9C6F-9838DD69241E}.Release|Any CPU.ActiveCfg = Release|Any CPU
		{9FE516F7-C701-494A-9C6F-9838DD69241E}.Release|Any CPU.Build.0 = Release|Any CPU
		{379F8142-D9D6-434F-B598-9CF535C1BC3D}.Debug|Any CPU.ActiveCfg = Debug|Any CPU
		{379F8142-D9D6-434F-B598-9CF535C1BC3D}.Debug|Any CPU.Build.0 = Debug|Any CPU
		{379F8142-D9D6-434F-B598-9CF535C1BC3D}.Release|Any CPU.ActiveCfg = Release|Any CPU
		{379F8142-D9D6-434F-B598-9CF535C1BC3D}.Release|Any CPU.Build.0 = Release|Any CPU
		{2D9DAC3B-0466-4903-8431-0F1AA72D94DF}.Debug|Any CPU.ActiveCfg = Debug|Any CPU
		{2D9DAC3B-0466-4903-8431-0F1AA72D94DF}.Debug|Any CPU.Build.0 = Debug|Any CPU
		{2D9DAC3B-0466-4903-8431-0F1AA72D94DF}.Release|Any CPU.ActiveCfg = Release|Any CPU
		{2D9DAC3B-0466-4903-8431-0F1AA72D94DF}.Release|Any CPU.Build.0 = Release|Any CPU
		{DDBC3EB5-1D94-4B43-ABFE-6DEC3E5C4778}.Debug|Any CPU.ActiveCfg = Debug|Any CPU
		{DDBC3EB5-1D94-4B43-ABFE-6DEC3E5C4778}.Debug|Any CPU.Build.0 = Debug|Any CPU
		{DDBC3EB5-1D94-4B43-ABFE-6DEC3E5C4778}.Release|Any CPU.ActiveCfg = Release|Any CPU
		{DDBC3EB5-1D94-4B43-ABFE-6DEC3E5C4778}.Release|Any CPU.Build.0 = Release|Any CPU
		{4CF7382B-278A-4AE4-9412-B462663A15F8}.Debug|Any CPU.ActiveCfg = Debug|Any CPU
		{4CF7382B-278A-4AE4-9412-B462663A15F8}.Debug|Any CPU.Build.0 = Debug|Any CPU
		{4CF7382B-278A-4AE4-9412-B462663A15F8}.Release|Any CPU.ActiveCfg = Release|Any CPU
		{4CF7382B-278A-4AE4-9412-B462663A15F8}.Release|Any CPU.Build.0 = Release|Any CPU
		{8E9AE408-6271-4CEA-83ED-EFEB7EFE5B73}.Debug|Any CPU.ActiveCfg = Debug|Any CPU
		{8E9AE408-6271-4CEA-83ED-EFEB7EFE5B73}.Debug|Any CPU.Build.0 = Debug|Any CPU
		{8E9AE408-6271-4CEA-83ED-EFEB7EFE5B73}.Release|Any CPU.ActiveCfg = Release|Any CPU
		{8E9AE408-6271-4CEA-83ED-EFEB7EFE5B73}.Release|Any CPU.Build.0 = Release|Any CPU
		{1C34044C-B67A-4CB5-B7F4-E66ADE5B2015}.Debug|Any CPU.ActiveCfg = Debug|Any CPU
		{1C34044C-B67A-4CB5-B7F4-E66ADE5B2015}.Debug|Any CPU.Build.0 = Debug|Any CPU
		{1C34044C-B67A-4CB5-B7F4-E66ADE5B2015}.Release|Any CPU.ActiveCfg = Release|Any CPU
		{1C34044C-B67A-4CB5-B7F4-E66ADE5B2015}.Release|Any CPU.Build.0 = Release|Any CPU
		{378F8622-6B45-4FF6-BF08-1F285B206616}.Debug|Any CPU.ActiveCfg = Debug|Any CPU
		{378F8622-6B45-4FF6-BF08-1F285B206616}.Debug|Any CPU.Build.0 = Debug|Any CPU
		{378F8622-6B45-4FF6-BF08-1F285B206616}.Release|Any CPU.ActiveCfg = Release|Any CPU
		{378F8622-6B45-4FF6-BF08-1F285B206616}.Release|Any CPU.Build.0 = Release|Any CPU
		{DC5C8615-920E-4048-9F2D-59E9DA97B0DF}.Debug|Any CPU.ActiveCfg = Debug|Any CPU
		{DC5C8615-920E-4048-9F2D-59E9DA97B0DF}.Debug|Any CPU.Build.0 = Debug|Any CPU
		{DC5C8615-920E-4048-9F2D-59E9DA97B0DF}.Release|Any CPU.ActiveCfg = Release|Any CPU
		{DC5C8615-920E-4048-9F2D-59E9DA97B0DF}.Release|Any CPU.Build.0 = Release|Any CPU
		{D35DEF04-0BE2-41AE-839C-C424C71B7FD6}.Debug|Any CPU.ActiveCfg = Debug|Any CPU
		{D35DEF04-0BE2-41AE-839C-C424C71B7FD6}.Debug|Any CPU.Build.0 = Debug|Any CPU
		{D35DEF04-0BE2-41AE-839C-C424C71B7FD6}.Release|Any CPU.ActiveCfg = Release|Any CPU
		{D35DEF04-0BE2-41AE-839C-C424C71B7FD6}.Release|Any CPU.Build.0 = Release|Any CPU
		{13FD4C64-01CB-4E5C-90B7-5DA526A2127A}.Debug|Any CPU.ActiveCfg = Debug|Any CPU
		{13FD4C64-01CB-4E5C-90B7-5DA526A2127A}.Debug|Any CPU.Build.0 = Debug|Any CPU
		{13FD4C64-01CB-4E5C-90B7-5DA526A2127A}.Release|Any CPU.ActiveCfg = Release|Any CPU
		{13FD4C64-01CB-4E5C-90B7-5DA526A2127A}.Release|Any CPU.Build.0 = Release|Any CPU
		{DDCBA2EF-4E3D-4AD9-883A-E7CD3D1C3A2B}.Debug|Any CPU.ActiveCfg = Debug|Any CPU
		{DDCBA2EF-4E3D-4AD9-883A-E7CD3D1C3A2B}.Debug|Any CPU.Build.0 = Debug|Any CPU
		{DDCBA2EF-4E3D-4AD9-883A-E7CD3D1C3A2B}.Release|Any CPU.ActiveCfg = Release|Any CPU
		{DDCBA2EF-4E3D-4AD9-883A-E7CD3D1C3A2B}.Release|Any CPU.Build.0 = Release|Any CPU
		{263A6786-D33B-45B1-8F60-4A5295E10F5B}.Debug|Any CPU.ActiveCfg = Debug|Any CPU
		{263A6786-D33B-45B1-8F60-4A5295E10F5B}.Debug|Any CPU.Build.0 = Debug|Any CPU
		{263A6786-D33B-45B1-8F60-4A5295E10F5B}.Release|Any CPU.ActiveCfg = Release|Any CPU
		{263A6786-D33B-45B1-8F60-4A5295E10F5B}.Release|Any CPU.Build.0 = Release|Any CPU
		{1CB48FB8-E042-4892-8BFE-7A9636C21D33}.Debug|Any CPU.ActiveCfg = Debug|Any CPU
		{1CB48FB8-E042-4892-8BFE-7A9636C21D33}.Debug|Any CPU.Build.0 = Debug|Any CPU
		{1CB48FB8-E042-4892-8BFE-7A9636C21D33}.Release|Any CPU.ActiveCfg = Release|Any CPU
		{1CB48FB8-E042-4892-8BFE-7A9636C21D33}.Release|Any CPU.Build.0 = Release|Any CPU
		{6CB94563-5DD9-40AA-AF37-E3B855FEC28E}.Debug|Any CPU.ActiveCfg = Debug|Any CPU
		{6CB94563-5DD9-40AA-AF37-E3B855FEC28E}.Debug|Any CPU.Build.0 = Debug|Any CPU
		{6CB94563-5DD9-40AA-AF37-E3B855FEC28E}.Release|Any CPU.ActiveCfg = Release|Any CPU
		{6CB94563-5DD9-40AA-AF37-E3B855FEC28E}.Release|Any CPU.Build.0 = Release|Any CPU
		{C369B354-D113-4B99-B19C-A099AA8F390B}.Debug|Any CPU.ActiveCfg = Debug|Any CPU
		{C369B354-D113-4B99-B19C-A099AA8F390B}.Debug|Any CPU.Build.0 = Debug|Any CPU
		{C369B354-D113-4B99-B19C-A099AA8F390B}.Release|Any CPU.ActiveCfg = Release|Any CPU
		{C369B354-D113-4B99-B19C-A099AA8F390B}.Release|Any CPU.Build.0 = Release|Any CPU
		{25FE244D-6B47-42CF-A438-A06160D200A3}.Debug|Any CPU.ActiveCfg = Debug|Any CPU
		{25FE244D-6B47-42CF-A438-A06160D200A3}.Debug|Any CPU.Build.0 = Debug|Any CPU
		{25FE244D-6B47-42CF-A438-A06160D200A3}.Release|Any CPU.ActiveCfg = Release|Any CPU
		{25FE244D-6B47-42CF-A438-A06160D200A3}.Release|Any CPU.Build.0 = Release|Any CPU
		{6E08DF54-C58F-4439-A11E-6553E59BDD8F}.Debug|Any CPU.ActiveCfg = Debug|Any CPU
		{6E08DF54-C58F-4439-A11E-6553E59BDD8F}.Debug|Any CPU.Build.0 = Debug|Any CPU
		{6E08DF54-C58F-4439-A11E-6553E59BDD8F}.Release|Any CPU.ActiveCfg = Release|Any CPU
		{6E08DF54-C58F-4439-A11E-6553E59BDD8F}.Release|Any CPU.Build.0 = Release|Any CPU
		{6FC0C087-2137-48CC-AB6B-E8A096A4D588}.Debug|Any CPU.ActiveCfg = Debug|Any CPU
		{6FC0C087-2137-48CC-AB6B-E8A096A4D588}.Debug|Any CPU.Build.0 = Debug|Any CPU
		{6FC0C087-2137-48CC-AB6B-E8A096A4D588}.Release|Any CPU.ActiveCfg = Release|Any CPU
		{6FC0C087-2137-48CC-AB6B-E8A096A4D588}.Release|Any CPU.Build.0 = Release|Any CPU
		{465616F0-88D4-44AF-82B7-41F98D58B327}.Debug|Any CPU.ActiveCfg = Debug|Any CPU
		{465616F0-88D4-44AF-82B7-41F98D58B327}.Debug|Any CPU.Build.0 = Debug|Any CPU
		{465616F0-88D4-44AF-82B7-41F98D58B327}.Release|Any CPU.ActiveCfg = Release|Any CPU
		{465616F0-88D4-44AF-82B7-41F98D58B327}.Release|Any CPU.Build.0 = Release|Any CPU
		{A599BDF3-B801-4E51-B796-BA7E198A2553}.Debug|Any CPU.ActiveCfg = Debug|Any CPU
		{A599BDF3-B801-4E51-B796-BA7E198A2553}.Debug|Any CPU.Build.0 = Debug|Any CPU
		{A599BDF3-B801-4E51-B796-BA7E198A2553}.Release|Any CPU.ActiveCfg = Release|Any CPU
		{A599BDF3-B801-4E51-B796-BA7E198A2553}.Release|Any CPU.Build.0 = Release|Any CPU
		{6250FF3D-707A-4FD3-9CFB-D9BEB1DCACC1}.Debug|Any CPU.ActiveCfg = Debug|Any CPU
		{6250FF3D-707A-4FD3-9CFB-D9BEB1DCACC1}.Debug|Any CPU.Build.0 = Debug|Any CPU
		{6250FF3D-707A-4FD3-9CFB-D9BEB1DCACC1}.Release|Any CPU.ActiveCfg = Release|Any CPU
		{6250FF3D-707A-4FD3-9CFB-D9BEB1DCACC1}.Release|Any CPU.Build.0 = Release|Any CPU
		{55DCFB94-A27A-4CE4-A2F7-550B350D8068}.Debug|Any CPU.ActiveCfg = Debug|Any CPU
		{55DCFB94-A27A-4CE4-A2F7-550B350D8068}.Debug|Any CPU.Build.0 = Debug|Any CPU
		{55DCFB94-A27A-4CE4-A2F7-550B350D8068}.Release|Any CPU.ActiveCfg = Release|Any CPU
		{55DCFB94-A27A-4CE4-A2F7-550B350D8068}.Release|Any CPU.Build.0 = Release|Any CPU
		{503EB227-E851-4393-A1D0-BE929C30E3A2}.Debug|Any CPU.ActiveCfg = Debug|Any CPU
		{503EB227-E851-4393-A1D0-BE929C30E3A2}.Debug|Any CPU.Build.0 = Debug|Any CPU
		{503EB227-E851-4393-A1D0-BE929C30E3A2}.Release|Any CPU.ActiveCfg = Release|Any CPU
		{503EB227-E851-4393-A1D0-BE929C30E3A2}.Release|Any CPU.Build.0 = Release|Any CPU
		{E7B8C7B7-34CB-4548-B234-C37421C2B103}.Debug|Any CPU.ActiveCfg = Debug|Any CPU
		{E7B8C7B7-34CB-4548-B234-C37421C2B103}.Debug|Any CPU.Build.0 = Debug|Any CPU
		{E7B8C7B7-34CB-4548-B234-C37421C2B103}.Release|Any CPU.ActiveCfg = Release|Any CPU
		{E7B8C7B7-34CB-4548-B234-C37421C2B103}.Release|Any CPU.Build.0 = Release|Any CPU
		{2CB2501F-0F7B-43FC-B4F9-A729A747268C}.Debug|Any CPU.ActiveCfg = Debug|Any CPU
		{2CB2501F-0F7B-43FC-B4F9-A729A747268C}.Debug|Any CPU.Build.0 = Debug|Any CPU
		{2CB2501F-0F7B-43FC-B4F9-A729A747268C}.Release|Any CPU.ActiveCfg = Release|Any CPU
		{2CB2501F-0F7B-43FC-B4F9-A729A747268C}.Release|Any CPU.Build.0 = Release|Any CPU
		{12B51E2E-658F-4A0E-8D0C-6635449C797C}.Debug|Any CPU.ActiveCfg = Debug|Any CPU
		{12B51E2E-658F-4A0E-8D0C-6635449C797C}.Debug|Any CPU.Build.0 = Debug|Any CPU
		{12B51E2E-658F-4A0E-8D0C-6635449C797C}.Release|Any CPU.ActiveCfg = Release|Any CPU
		{12B51E2E-658F-4A0E-8D0C-6635449C797C}.Release|Any CPU.Build.0 = Release|Any CPU
		{43D21FE2-893A-4DE4-B777-E6331F6AFAC2}.Debug|Any CPU.ActiveCfg = Debug|Any CPU
		{43D21FE2-893A-4DE4-B777-E6331F6AFAC2}.Debug|Any CPU.Build.0 = Debug|Any CPU
		{43D21FE2-893A-4DE4-B777-E6331F6AFAC2}.Release|Any CPU.ActiveCfg = Release|Any CPU
		{43D21FE2-893A-4DE4-B777-E6331F6AFAC2}.Release|Any CPU.Build.0 = Release|Any CPU
		{8466009F-43D0-4B1B-B0F4-8D1597F78673}.Debug|Any CPU.ActiveCfg = Debug|Any CPU
		{8466009F-43D0-4B1B-B0F4-8D1597F78673}.Debug|Any CPU.Build.0 = Debug|Any CPU
		{8466009F-43D0-4B1B-B0F4-8D1597F78673}.Release|Any CPU.ActiveCfg = Release|Any CPU
		{8466009F-43D0-4B1B-B0F4-8D1597F78673}.Release|Any CPU.Build.0 = Release|Any CPU
	EndGlobalSection
	GlobalSection(SolutionProperties) = preSolution
		HideSolutionNode = FALSE
	EndGlobalSection
	GlobalSection(NestedProjects) = preSolution
		{F63EB8AD-92CB-45A8-BCFB-5A72BAF93319} = {8531AC9F-8AF7-4817-AEA3-F9D048BEB976}
		{527EB2E9-AC0E-4591-948A-168018CAB28D} = {8531AC9F-8AF7-4817-AEA3-F9D048BEB976}
		{93F14256-E07C-49AF-918E-B2ACC993B1CC} = {8531AC9F-8AF7-4817-AEA3-F9D048BEB976}
		{9FE516F7-C701-494A-9C6F-9838DD69241E} = {8531AC9F-8AF7-4817-AEA3-F9D048BEB976}
		{379F8142-D9D6-434F-B598-9CF535C1BC3D} = {8531AC9F-8AF7-4817-AEA3-F9D048BEB976}
		{2D9DAC3B-0466-4903-8431-0F1AA72D94DF} = {8531AC9F-8AF7-4817-AEA3-F9D048BEB976}
		{DDBC3EB5-1D94-4B43-ABFE-6DEC3E5C4778} = {8531AC9F-8AF7-4817-AEA3-F9D048BEB976}
		{4CF7382B-278A-4AE4-9412-B462663A15F8} = {8531AC9F-8AF7-4817-AEA3-F9D048BEB976}
		{8E9AE408-6271-4CEA-83ED-EFEB7EFE5B73} = {8531AC9F-8AF7-4817-AEA3-F9D048BEB976}
		{1C34044C-B67A-4CB5-B7F4-E66ADE5B2015} = {8531AC9F-8AF7-4817-AEA3-F9D048BEB976}
		{378F8622-6B45-4FF6-BF08-1F285B206616} = {8531AC9F-8AF7-4817-AEA3-F9D048BEB976}
		{DC5C8615-920E-4048-9F2D-59E9DA97B0DF} = {8531AC9F-8AF7-4817-AEA3-F9D048BEB976}
		{D35DEF04-0BE2-41AE-839C-C424C71B7FD6} = {8531AC9F-8AF7-4817-AEA3-F9D048BEB976}
		{13FD4C64-01CB-4E5C-90B7-5DA526A2127A} = {8531AC9F-8AF7-4817-AEA3-F9D048BEB976}
		{DDCBA2EF-4E3D-4AD9-883A-E7CD3D1C3A2B} = {8531AC9F-8AF7-4817-AEA3-F9D048BEB976}
		{263A6786-D33B-45B1-8F60-4A5295E10F5B} = {8531AC9F-8AF7-4817-AEA3-F9D048BEB976}
		{1CB48FB8-E042-4892-8BFE-7A9636C21D33} = {8531AC9F-8AF7-4817-AEA3-F9D048BEB976}
		{6CB94563-5DD9-40AA-AF37-E3B855FEC28E} = {8531AC9F-8AF7-4817-AEA3-F9D048BEB976}
		{C369B354-D113-4B99-B19C-A099AA8F390B} = {8531AC9F-8AF7-4817-AEA3-F9D048BEB976}
		{25FE244D-6B47-42CF-A438-A06160D200A3} = {8531AC9F-8AF7-4817-AEA3-F9D048BEB976}
		{6E08DF54-C58F-4439-A11E-6553E59BDD8F} = {8531AC9F-8AF7-4817-AEA3-F9D048BEB976}
		{6FC0C087-2137-48CC-AB6B-E8A096A4D588} = {8531AC9F-8AF7-4817-AEA3-F9D048BEB976}
		{465616F0-88D4-44AF-82B7-41F98D58B327} = {8531AC9F-8AF7-4817-AEA3-F9D048BEB976}
		{A599BDF3-B801-4E51-B796-BA7E198A2553} = {53167CDC-06BB-456D-9B73-DEB581770770}
		{6250FF3D-707A-4FD3-9CFB-D9BEB1DCACC1} = {53167CDC-06BB-456D-9B73-DEB581770770}
		{55DCFB94-A27A-4CE4-A2F7-550B350D8068} = {53167CDC-06BB-456D-9B73-DEB581770770}
		{503EB227-E851-4393-A1D0-BE929C30E3A2} = {53167CDC-06BB-456D-9B73-DEB581770770}
		{E7B8C7B7-34CB-4548-B234-C37421C2B103} = {53167CDC-06BB-456D-9B73-DEB581770770}
		{2CB2501F-0F7B-43FC-B4F9-A729A747268C} = {53167CDC-06BB-456D-9B73-DEB581770770}
		{12B51E2E-658F-4A0E-8D0C-6635449C797C} = {53167CDC-06BB-456D-9B73-DEB581770770}
		{43D21FE2-893A-4DE4-B777-E6331F6AFAC2} = {53167CDC-06BB-456D-9B73-DEB581770770}
		{8466009F-43D0-4B1B-B0F4-8D1597F78673} = {53167CDC-06BB-456D-9B73-DEB581770770}
	EndGlobalSection
	GlobalSection(ExtensibilityGlobals) = postSolution
		SolutionGuid = {999D88E9-0770-46FB-A490-D2EA5879AB0D}
	EndGlobalSection
EndGlobal
